{
  "name": "signsense-site",
  "version": "1.0.0",
  "lockfileVersion": 3,
  "requires": true,
  "packages": {
    "": {
      "name": "signsense-site",
      "version": "1.0.0",
      "license": "UNLICENSED",
      "dependencies": {
        "nodemailer": "^6.9.13"
      }
    },
    "node_modules/nodemailer": {
      "version": "6.10.1",
      "license": "MIT-0",
      "engines": {
        "node": ">=6.0.0"
      }
    }
  }
}
